
Microsoft Visual Studio Solution File, Format Version 12.00
# Visual Studio Version 16
VisualStudioVersion = 16.0.29411.108
MinimumVisualStudioVersion = 10.0.40219.1
Project("{FAE04EC0-301F-11D3-BF4B-00C04F79EFBC}") = "Portal", "Portal\Portal.csproj", "{554B9558-0DF5-4A17-8185-181680E50265}"
EndProject
Global
	GlobalSection(SolutionConfigurationPlatforms) = preSolution
		Debug|Any CPU = Debug|Any CPU
		Release|Any CPU = Release|Any CPU
	EndGlobalSection
	GlobalSection(ProjectConfigurationPlatforms) = postSolution
		{554B9558-0DF5-4A17-8185-181680E50265}.Debug|Any CPU.ActiveCfg = Debug|Any CPU
		{554B9558-0DF5-4A17-8185-181680E50265}.Debug|Any CPU.Build.0 = Debug|Any CPU
		{554B9558-0DF5-4A17-8185-181680E50265}.Release|Any CPU.ActiveCfg = Release|Any CPU
		{554B9558-0DF5-4A17-8185-181680E50265}.Release|Any CPU.Build.0 = Release|Any CPU
	EndGlobalSection
	GlobalSection(SolutionProperties) = preSolution
		HideSolutionNode = FALSE
	EndGlobalSection
	GlobalSection(ExtensibilityGlobals) = postSolution
		SolutionGuid = {2BF69408-1FEB-4ACF-8B5F-6289651EF1E4}
	EndGlobalSection
EndGlobal
